# THIS IS AN AUTOGENERATED FILE. DO NOT EDIT THIS FILE DIRECTLY.
# yarn lockfile v1


"@react-google-maps/api@^2.0.0-alpha":
  version "2.0.0-alpha"
  resolved "https://registry.yarnpkg.com/@react-google-maps/api/-/api-2.0.0-alpha.tgz#0f65bda24ac58af42cffebdbeba2b57c9ab425af"
  integrity sha512-cqvk5gYdsyD7hKCyj/N7xrl8lvXw64NpFh7VmgclNW7fxzOwwDd49Qtr+jsD+x8ELQ3/IIzsH37ebBxKnuYMrg==
  dependencies:
    "@react-google-maps/infobox" "2.0.0-alpha"
    "@react-google-maps/marker-clusterer" "2.0.0-alpha"
    acorn "7.2.0"
    acorn-jsx "5.2.0"
    invariant "2.2.4"

"@react-google-maps/infobox@2.0.0-alpha":
  version "2.0.0-alpha"
  resolved "https://registry.yarnpkg.com/@react-google-maps/infobox/-/infobox-2.0.0-alpha.tgz#d9fb7b1f091466460e5cc7a3a2c9de4c4b831a3c"
  integrity sha512-QOHyH1OfFvubpNB8/U4VSUcOVizIdo4R9jfQBN3klzV8T2h0JA3SQ9bi4isBHSINssvBc7rhAdz0PKe19fkc/w==

"@react-google-maps/marker-clusterer@2.0.0-alpha":
  version "2.0.0-alpha"
  resolved "https://registry.yarnpkg.com/@react-google-maps/marker-clusterer/-/marker-clusterer-2.0.0-alpha.tgz#4e55f1ab664a12a227104dc17b999c1cca5d99a3"
  integrity sha512-SiDkSBQp5YPcbWGnLMNEzqJuhKP1u455o4h1MnqDLNsuEMjCT/Z8BdgpV+tuFFf4fDOpd5PeD3gEVwtPkcoH8A==

acorn-jsx@5.2.0:
  version "5.2.0"
  resolved "https://registry.yarnpkg.com/acorn-jsx/-/acorn-jsx-5.2.0.tgz#4c66069173d6fdd68ed85239fc256226182b2ebe"
  integrity sha512-HiUX/+K2YpkpJ+SzBffkM/AQ2YE03S0U1kjTLVpoJdhZMOWy8qvXVN9JdLqv2QsaQ6MPYQIuNmwD8zOiYUofLQ==

acorn@7.2.0:
  version "7.2.0"
  resolved "https://registry.yarnpkg.com/acorn/-/acorn-7.2.0.tgz#17ea7e40d7c8640ff54a694c889c26f31704effe"
  integrity sha512-apwXVmYVpQ34m/i71vrApRrRKCWQnZZF1+npOD0WV5xZFfwWOmKGQ2RWlfdy9vWITsenisM8M0Qeq8agcFHNiQ==

invariant@2.2.4:
  version "2.2.4"
  resolved "https://registry.yarnpkg.com/invariant/-/invariant-2.2.4.tgz#610f3c92c9359ce1db616e538008d23ff35158e6"
  integrity sha512-phJfQVBuaJM5raOpJjSfkiD6BpbCE4Ns//LaXl6wGYtUBY83nWS6Rf9tXm2e8VaK60JEjYldbPif/A2B1C2gNA==
  dependencies:
    loose-envify "^1.0.0"

"js-tokens@^3.0.0 || ^4.0.0":
  version "4.0.0"
  resolved "https://registry.yarnpkg.com/js-tokens/-/js-tokens-4.0.0.tgz#19203fb59991df98e3a287050d4647cdeaf32499"
  integrity sha512-RdJUflcE3cUzKiMqQgsCu06FPu9UdIJO0beYbPhHN4k6apgJtifcoCtT9bcxOpYBtpD2kCM6Sbzg4CausW/PKQ==

loose-envify@^1.0.0:
  version "1.4.0"
  resolved "https://registry.yarnpkg.com/loose-envify/-/loose-envify-1.4.0.tgz#71ee51fa7be4caec1a63839f7e682d8132d30caf"
  integrity sha512-lyuxPGr/Wfhrlem2CL/UcnUc1zcqKAImBDzukY7Y5F/yQiNdko6+fRLevlw1HgMySw7f611UIY408EtxRSoK3Q==
  dependencies:
    js-tokens "^3.0.0 || ^4.0.0"
